
Microsoft Visual Studio Solution File, Format Version 12.00
# Visual Studio Version 16
VisualStudioVersion = 16.0.31105.61
MinimumVisualStudioVersion = 10.0.40219.1
Project("{FAE04EC0-301F-11D3-BF4B-00C04F79EFBC}") = "BtvScraping", "BtvScraping\BtvScraping.csproj", "{FD8179E4-F2C5-49CD-9970-43BF53DCFC44}"
EndProject
Global
	GlobalSection(SolutionConfigurationPlatforms) = preSolution
		Debug|Any CPU = Debug|Any CPU
		Release|Any CPU = Release|Any CPU
	EndGlobalSection
	GlobalSection(ProjectConfigurationPlatforms) = postSolution
		{FD8179E4-F2C5-49CD-9970-43BF53DCFC44}.Debug|Any CPU.ActiveCfg = Debug|Any CPU
		{FD8179E4-F2C5-49CD-9970-43BF53DCFC44}.Debug|Any CPU.Build.0 = Debug|Any CPU
		{FD8179E4-F2C5-49CD-9970-43BF53DCFC44}.Release|Any CPU.ActiveCfg = Release|Any CPU
		{FD8179E4-F2C5-49CD-9970-43BF53DCFC44}.Release|Any CPU.Build.0 = Release|Any CPU
	EndGlobalSection
	GlobalSection(SolutionProperties) = preSolution
		HideSolutionNode = FALSE
	EndGlobalSection
	GlobalSection(ExtensibilityGlobals) = postSolution
		SolutionGuid = {41E9409E-D8B0-4EB6-BB5E-B9B9820B2B08}
	EndGlobalSection
EndGlobal
