
Microsoft Visual Studio Solution File, Format Version 12.00
# Visual Studio Version 16
VisualStudioVersion = 16.0.31105.61
MinimumVisualStudioVersion = 10.0.40219.1
Project("{FAE04EC0-301F-11D3-BF4B-00C04F79EFBC}") = "VicoveComScraping", "VicoveComScraping\VicoveComScraping.csproj", "{62BE55B1-94D3-450F-8851-5773BB421400}"
EndProject
Global
	GlobalSection(SolutionConfigurationPlatforms) = preSolution
		Debug|Any CPU = Debug|Any CPU
		Release|Any CPU = Release|Any CPU
	EndGlobalSection
	GlobalSection(ProjectConfigurationPlatforms) = postSolution
		{62BE55B1-94D3-450F-8851-5773BB421400}.Debug|Any CPU.ActiveCfg = Debug|Any CPU
		{62BE55B1-94D3-450F-8851-5773BB421400}.Debug|Any CPU.Build.0 = Debug|Any CPU
		{62BE55B1-94D3-450F-8851-5773BB421400}.Release|Any CPU.ActiveCfg = Release|Any CPU
		{62BE55B1-94D3-450F-8851-5773BB421400}.Release|Any CPU.Build.0 = Release|Any CPU
	EndGlobalSection
	GlobalSection(SolutionProperties) = preSolution
		HideSolutionNode = FALSE
	EndGlobalSection
	GlobalSection(ExtensibilityGlobals) = postSolution
		SolutionGuid = {F1698399-AAC5-416F-B1D4-A289F3A71BEC}
	EndGlobalSection
EndGlobal
